<?xml version="1.0" encoding="utf-8"?>
<Project ToolsVersion="4.0" xmlns="http://schemas.microsoft.com/developer/msbuild/2003">
  <ItemGroup>
    <Filter Include="Source Files">
      <UniqueIdentifier>{4FC737F1-C7A5-4376-A066-2A32D752A2FF}</UniqueIdentifier>
      <Extensions>cpp;c;cc;cxx;c++;cppm;ixx;def;odl;idl;hpj;bat;asm;asmx</Extensions>
    </Filter>
    <Filter Include="Resource Files">
      <UniqueIdentifier>{67DA6AB6-F800-4c08-8B7A-83BB121AAD01}</UniqueIdentifier>
      <Extensions>rc;ico;cur;bmp;dlg;rc2;rct;bin;rgs;gif;jpg;jpeg;jpe;resx;tiff;tif;png;wav;mfcribbon-ms</Extensions>
    </Filter>
    <Filter Include="Source Files\Engine">
      <UniqueIdentifier>{2038ed87-8d0a-4156-9ee9-05fd83df315c}</UniqueIdentifier>
    </Filter>
    <Filter Include="Source Files\Core">
      <UniqueIdentifier>{165fe3b5-be33-4531-9631-1e3b02ebecb0}</UniqueIdentifier>
    </Filter>
    <Filter Include="Source Files\Timer">
      <UniqueIdentifier>{05709be9-0306-41c5-9724-8c8f69766b6a}</UniqueIdentifier>
    </Filter>
    <Filter Include="Source Files\Events">
      <UniqueIdentifier>{e211edaf-2cf4-4178-8864-f25966055bf9}</UniqueIdentifier>
    </Filter>
    <Filter Include="Source Files\ECS">
      <UniqueIdentifier>{b61f9a52-3d0f-497e-837f-4b9842ed02fa}</UniqueIdentifier>
    </Filter>
    <Filter Include="Source Files\ECS\Base">
      <UniqueIdentifier>{d9e07e08-5f67-4445-b33e-dbd979aab585}</UniqueIdentifier>
    </Filter>
    <Filter Include="Source Files\ECS\Components">
      <UniqueIdentifier>{ca3b86c8-788a-40b1-af86-3f1173be0096}</UniqueIdentifier>
    </Filter>
    <Filter Include="Source Files\ECS\Systems">
      <UniqueIdentifier>{b4906268-4874-4173-8fd9-10d96c3be7dd}</UniqueIdentifier>
    </Filter>
    <Filter Include="Resource Files\icons">
      <UniqueIdentifier>{da981cd5-9d7b-484c-935a-83dc0e94cb99}</UniqueIdentifier>
    </Filter>
    <Filter Include="Resource Files\ext">
      <UniqueIdentifier>{bed689c9-7971-4bce-89dd-b43b27936812}</UniqueIdentifier>
    </Filter>
  </ItemGroup>
  <ItemGroup>
    <ClCompile Include="App.cpp">
      <Filter>Source Files</Filter>
    </ClCompile>
    <ClCompile Include="pch.cpp">
      <Filter>Source Files</Filter>
    </ClCompile>
    <ClCompile Include="Engine.cpp">
      <Filter>Source Files\Engine</Filter>
    </ClCompile>
    <ClCompile Include="Timer.cpp">
      <Filter>Source Files\Timer</Filter>
    </ClCompile>
    <ClCompile Include="Events.cpp">
      <Filter>Source Files\Events</Filter>
    </ClCompile>
    <ClCompile Include="..\..\..\..\..\libraries\glad\src\glad.c">
      <Filter>Resource Files\ext</Filter>
    </ClCompile>
    <ClCompile Include="stb_image.cpp">
      <Filter>Resource Files\ext</Filter>
    </ClCompile>
  </ItemGroup>
  <ItemGroup>
    <ClInclude Include="pch.h">
      <Filter>Source Files</Filter>
    </ClInclude>
    <ClInclude Include="Engine.h">
      <Filter>Source Files\Engine</Filter>
    </ClInclude>
    <ClInclude Include="Timer.h">
      <Filter>Source Files\Timer</Filter>
    </ClInclude>
    <ClInclude Include="Events.h">
      <Filter>Source Files\Events</Filter>
    </ClInclude>
    <ClInclude Include="CASE.h">
      <Filter>Source Files\Core</Filter>
    </ClInclude>
    <ClInclude Include="ECS.h">
      <Filter>Source Files\ECS</Filter>
    </ClInclude>
    <ClInclude Include="Types.h">
      <Filter>Source Files\ECS\Base</Filter>
    </ClInclude>
    <ClInclude Include="BaseComponent.h">
      <Filter>Source Files\ECS\Base</Filter>
    </ClInclude>
    <ClInclude Include="BaseSystem.h">
      <Filter>Source Files\ECS\Base</Filter>
    </ClInclude>
    <ClInclude Include="ComponentList.h">
      <Filter>Source Files\ECS\Base</Filter>
    </ClInclude>
    <ClInclude Include="EntityManager.h">
      <Filter>Source Files\ECS\Base</Filter>
    </ClInclude>
    <ClInclude Include="stb_image.h">
      <Filter>Resource Files\ext</Filter>
    </ClInclude>
    <ClInclude Include="Entity.h">
      <Filter>Source Files\ECS\Base</Filter>
    </ClInclude>
  </ItemGroup>
  <ItemGroup>
    <Image Include="..\..\..\..\..\icons\icon.png">
      <Filter>Resource Files\icons</Filter>
    </Image>
  </ItemGroup>
</Project>